
Microsoft Visual Studio Solution File, Format Version 11.00
# Visual Studio 2010
Project("{FAE04EC0-301F-11D3-BF4B-00C04F79EFBC}") = "Assembly-CSharp", "Assembly-CSharp.csproj", "{506F0982-EE72-B6B3-B649-F69F32797CE8}"
EndProject
Project("{FAE04EC0-301F-11D3-BF4B-00C04F79EFBC}") = "Assembly-CSharp-Editor", "Assembly-CSharp-Editor.csproj", "{33E9DF47-A5FA-D0EC-94BF-8BDFE98C6E4A}"
EndProject
Global
	GlobalSection(SolutionConfigurationPlatforms) = preSolution
		Debug|Any CPU = Debug|Any CPU
		Release|Any CPU = Release|Any CPU
	EndGlobalSection
	GlobalSection(ProjectConfigurationPlatforms) = postSolution
		{506F0982-EE72-B6B3-B649-F69F32797CE8}.Debug|Any CPU.ActiveCfg = Debug|Any CPU
		{506F0982-EE72-B6B3-B649-F69F32797CE8}.Debug|Any CPU.Build.0 = Debug|Any CPU
		{506F0982-EE72-B6B3-B649-F69F32797CE8}.Release|Any CPU.ActiveCfg = Release|Any CPU
		{506F0982-EE72-B6B3-B649-F69F32797CE8}.Release|Any CPU.Build.0 = Release|Any CPU
		{33E9DF47-A5FA-D0EC-94BF-8BDFE98C6E4A}.Debug|Any CPU.ActiveCfg = Debug|Any CPU
		{33E9DF47-A5FA-D0EC-94BF-8BDFE98C6E4A}.Debug|Any CPU.Build.0 = Debug|Any CPU
		{33E9DF47-A5FA-D0EC-94BF-8BDFE98C6E4A}.Release|Any CPU.ActiveCfg = Release|Any CPU
		{33E9DF47-A5FA-D0EC-94BF-8BDFE98C6E4A}.Release|Any CPU.Build.0 = Release|Any CPU
	EndGlobalSection
	GlobalSection(SolutionProperties) = preSolution
		HideSolutionNode = FALSE
	EndGlobalSection
EndGlobal
