
Microsoft Visual Studio Solution File, Format Version 11.00
# Visual Studio 2010
Project("{FAE04EC0-301F-11D3-BF4B-00C04F79EFBC}") = "Assembly-CSharp", "Assembly-CSharp.csproj", "{3904BA99-EBD5-30EF-E314-1BECD68661C4}"
EndProject
Project("{FAE04EC0-301F-11D3-BF4B-00C04F79EFBC}") = "Assembly-CSharp-Editor", "Assembly-CSharp-Editor.csproj", "{3E399C44-53F8-6C69-AA79-56D5BB17F736}"
EndProject
Global
	GlobalSection(SolutionConfigurationPlatforms) = preSolution
		Debug|Any CPU = Debug|Any CPU
		Release|Any CPU = Release|Any CPU
	EndGlobalSection
	GlobalSection(ProjectConfigurationPlatforms) = postSolution
		{3904BA99-EBD5-30EF-E314-1BECD68661C4}.Debug|Any CPU.ActiveCfg = Debug|Any CPU
		{3904BA99-EBD5-30EF-E314-1BECD68661C4}.Debug|Any CPU.Build.0 = Debug|Any CPU
		{3904BA99-EBD5-30EF-E314-1BECD68661C4}.Release|Any CPU.ActiveCfg = Release|Any CPU
		{3904BA99-EBD5-30EF-E314-1BECD68661C4}.Release|Any CPU.Build.0 = Release|Any CPU
		{3E399C44-53F8-6C69-AA79-56D5BB17F736}.Debug|Any CPU.ActiveCfg = Debug|Any CPU
		{3E399C44-53F8-6C69-AA79-56D5BB17F736}.Debug|Any CPU.Build.0 = Debug|Any CPU
		{3E399C44-53F8-6C69-AA79-56D5BB17F736}.Release|Any CPU.ActiveCfg = Release|Any CPU
		{3E399C44-53F8-6C69-AA79-56D5BB17F736}.Release|Any CPU.Build.0 = Release|Any CPU
	EndGlobalSection
	GlobalSection(SolutionProperties) = preSolution
		HideSolutionNode = FALSE
	EndGlobalSection
EndGlobal
